
Microsoft Visual Studio Solution File, Format Version 12.00
# Visual Studio Version 16
VisualStudioVersion = 16.0.29728.190
MinimumVisualStudioVersion = 15.0.26124.0
Project("{9A19103F-16F7-4668-BE54-9A1E7A4F7556}") = "ConvertTalentsToEmporium", "ConvertTalentsToEmporium\ConvertTalentsToEmporium.csproj", "{E1BB8F1D-DBED-471A-844D-4CC201898170}"
EndProject
Global
	GlobalSection(SolutionConfigurationPlatforms) = preSolution
		Debug|Any CPU = Debug|Any CPU
		Debug|x64 = Debug|x64
		Debug|x86 = Debug|x86
		Release|Any CPU = Release|Any CPU
		Release|x64 = Release|x64
		Release|x86 = Release|x86
	EndGlobalSection
	GlobalSection(ProjectConfigurationPlatforms) = postSolution
		{E1BB8F1D-DBED-471A-844D-4CC201898170}.Debug|Any CPU.ActiveCfg = Debug|Any CPU
		{E1BB8F1D-DBED-471A-844D-4CC201898170}.Debug|Any CPU.Build.0 = Debug|Any CPU
		{E1BB8F1D-DBED-471A-844D-4CC201898170}.Debug|x64.ActiveCfg = Debug|Any CPU
		{E1BB8F1D-DBED-471A-844D-4CC201898170}.Debug|x64.Build.0 = Debug|Any CPU
		{E1BB8F1D-DBED-471A-844D-4CC201898170}.Debug|x86.ActiveCfg = Debug|Any CPU
		{E1BB8F1D-DBED-471A-844D-4CC201898170}.Debug|x86.Build.0 = Debug|Any CPU
		{E1BB8F1D-DBED-471A-844D-4CC201898170}.Release|Any CPU.ActiveCfg = Release|Any CPU
		{E1BB8F1D-DBED-471A-844D-4CC201898170}.Release|Any CPU.Build.0 = Release|Any CPU
		{E1BB8F1D-DBED-471A-844D-4CC201898170}.Release|x64.ActiveCfg = Release|Any CPU
		{E1BB8F1D-DBED-471A-844D-4CC201898170}.Release|x64.Build.0 = Release|Any CPU
		{E1BB8F1D-DBED-471A-844D-4CC201898170}.Release|x86.ActiveCfg = Release|Any CPU
		{E1BB8F1D-DBED-471A-844D-4CC201898170}.Release|x86.Build.0 = Release|Any CPU
	EndGlobalSection
	GlobalSection(SolutionProperties) = preSolution
		HideSolutionNode = FALSE
	EndGlobalSection
	GlobalSection(ExtensibilityGlobals) = postSolution
		SolutionGuid = {FDBB38BB-A73F-4EEB-8DD2-F470419DB1CB}
	EndGlobalSection
EndGlobal
